
Microsoft Visual Studio Solution File, Format Version 12.00
# Visual Studio Version 17
VisualStudioVersion = 17.7.34202.233
MinimumVisualStudioVersion = 10.0.40219.1
Project("{FAE04EC0-301F-11D3-BF4B-00C04F79EFBC}") = "layouts", "layouts\layouts.csproj", "{1E689764-CBB7-4236-8A6E-97DE98FA67BD}"
EndProject
Global
	GlobalSection(SolutionConfigurationPlatforms) = preSolution
		Debug|Any CPU = Debug|Any CPU
		Release|Any CPU = Release|Any CPU
	EndGlobalSection
	GlobalSection(ProjectConfigurationPlatforms) = postSolution
		{1E689764-CBB7-4236-8A6E-97DE98FA67BD}.Debug|Any CPU.ActiveCfg = Debug|Any CPU
		{1E689764-CBB7-4236-8A6E-97DE98FA67BD}.Debug|Any CPU.Build.0 = Debug|Any CPU
		{1E689764-CBB7-4236-8A6E-97DE98FA67BD}.Release|Any CPU.ActiveCfg = Release|Any CPU
		{1E689764-CBB7-4236-8A6E-97DE98FA67BD}.Release|Any CPU.Build.0 = Release|Any CPU
	EndGlobalSection
	GlobalSection(SolutionProperties) = preSolution
		HideSolutionNode = FALSE
	EndGlobalSection
	GlobalSection(ExtensibilityGlobals) = postSolution
		SolutionGuid = {CBB09A6E-D0D0-48FC-8379-C9ADBAD18A63}
	EndGlobalSection
EndGlobal
