
Microsoft Visual Studio Solution File, Format Version 12.00
# Visual Studio Version 17
VisualStudioVersion = 17.7.34202.233
MinimumVisualStudioVersion = 10.0.40219.1
Project("{FAE04EC0-301F-11D3-BF4B-00C04F79EFBC}") = "Exception Handling", "Exception Handling\Exception Handling.csproj", "{D647F69B-2BA6-442A-A8A5-F75A6646499F}"
EndProject
Global
	GlobalSection(SolutionConfigurationPlatforms) = preSolution
		Debug|Any CPU = Debug|Any CPU
		Release|Any CPU = Release|Any CPU
	EndGlobalSection
	GlobalSection(ProjectConfigurationPlatforms) = postSolution
		{D647F69B-2BA6-442A-A8A5-F75A6646499F}.Debug|Any CPU.ActiveCfg = Debug|Any CPU
		{D647F69B-2BA6-442A-A8A5-F75A6646499F}.Debug|Any CPU.Build.0 = Debug|Any CPU
		{D647F69B-2BA6-442A-A8A5-F75A6646499F}.Release|Any CPU.ActiveCfg = Release|Any CPU
		{D647F69B-2BA6-442A-A8A5-F75A6646499F}.Release|Any CPU.Build.0 = Release|Any CPU
	EndGlobalSection
	GlobalSection(SolutionProperties) = preSolution
		HideSolutionNode = FALSE
	EndGlobalSection
	GlobalSection(ExtensibilityGlobals) = postSolution
		SolutionGuid = {4A0A206B-3BDE-4780-A483-6A8877578557}
	EndGlobalSection
EndGlobal
